
Microsoft Visual Studio Solution File, Format Version 12.00
# Visual Studio 2013
VisualStudioVersion = 12.0.40629.0
MinimumVisualStudioVersion = 10.0.40219.1
Project("{FAE04EC0-301F-11D3-BF4B-00C04F79EFBC}") = "WebsiteQuanLyBanHang", "WebsiteQuanLyBanHang\WebsiteQuanLyBanHang.csproj", "{DE8DD3F0-5620-4AB9-809B-943A20D0A876}"
EndProject
Project("{FAE04EC0-301F-11D3-BF4B-00C04F79EFBC}") = "WebsiteQuanLyBanHang.Tests", "WebsiteQuanLyBanHang.Tests\WebsiteQuanLyBanHang.Tests.csproj", "{2983A6D3-0D44-4DB8-9E5C-5440BB8A65F8}"
EndProject
Global
	GlobalSection(SolutionConfigurationPlatforms) = preSolution
		Debug|Any CPU = Debug|Any CPU
		Release|Any CPU = Release|Any CPU
	EndGlobalSection
	GlobalSection(ProjectConfigurationPlatforms) = postSolution
		{DE8DD3F0-5620-4AB9-809B-943A20D0A876}.Debug|Any CPU.ActiveCfg = Debug|Any CPU
		{DE8DD3F0-5620-4AB9-809B-943A20D0A876}.Debug|Any CPU.Build.0 = Debug|Any CPU
		{DE8DD3F0-5620-4AB9-809B-943A20D0A876}.Release|Any CPU.ActiveCfg = Release|Any CPU
		{DE8DD3F0-5620-4AB9-809B-943A20D0A876}.Release|Any CPU.Build.0 = Release|Any CPU
		{2983A6D3-0D44-4DB8-9E5C-5440BB8A65F8}.Debug|Any CPU.ActiveCfg = Debug|Any CPU
		{2983A6D3-0D44-4DB8-9E5C-5440BB8A65F8}.Debug|Any CPU.Build.0 = Debug|Any CPU
		{2983A6D3-0D44-4DB8-9E5C-5440BB8A65F8}.Release|Any CPU.ActiveCfg = Release|Any CPU
		{2983A6D3-0D44-4DB8-9E5C-5440BB8A65F8}.Release|Any CPU.Build.0 = Release|Any CPU
	EndGlobalSection
	GlobalSection(SolutionProperties) = preSolution
		HideSolutionNode = FALSE
	EndGlobalSection
EndGlobal
