
Microsoft Visual Studio Solution File, Format Version 12.00
# Visual Studio 2012
Project("{FAE04EC0-301F-11D3-BF4B-00C04F79EFBC}") = "QLGV", "QLGV\QLGV.csproj", "{A6257EFD-043B-47E4-ADF7-3C7ADA96EA3A}"
EndProject
Global
	GlobalSection(SolutionConfigurationPlatforms) = preSolution
		Debug|Any CPU = Debug|Any CPU
		Release|Any CPU = Release|Any CPU
	EndGlobalSection
	GlobalSection(ProjectConfigurationPlatforms) = postSolution
		{A6257EFD-043B-47E4-ADF7-3C7ADA96EA3A}.Debug|Any CPU.ActiveCfg = Debug|Any CPU
		{A6257EFD-043B-47E4-ADF7-3C7ADA96EA3A}.Debug|Any CPU.Build.0 = Debug|Any CPU
		{A6257EFD-043B-47E4-ADF7-3C7ADA96EA3A}.Release|Any CPU.ActiveCfg = Release|Any CPU
		{A6257EFD-043B-47E4-ADF7-3C7ADA96EA3A}.Release|Any CPU.Build.0 = Release|Any CPU
	EndGlobalSection
	GlobalSection(SolutionProperties) = preSolution
		HideSolutionNode = FALSE
	EndGlobalSection
EndGlobal
