
Microsoft Visual Studio Solution File, Format Version 12.00
# Visual Studio 2013
VisualStudioVersion = 12.0.21005.1
MinimumVisualStudioVersion = 10.0.40219.1
Project("{FAE04EC0-301F-11D3-BF4B-00C04F79EFBC}") = "Ass01_Opt2", "Ass01_Opt2\Ass01_Opt2.csproj", "{AB08A20A-69A9-4BCE-AE11-6AE6449A78ED}"
EndProject
Global
	GlobalSection(SolutionConfigurationPlatforms) = preSolution
		Debug|Any CPU = Debug|Any CPU
		Release|Any CPU = Release|Any CPU
	EndGlobalSection
	GlobalSection(ProjectConfigurationPlatforms) = postSolution
		{AB08A20A-69A9-4BCE-AE11-6AE6449A78ED}.Debug|Any CPU.ActiveCfg = Debug|Any CPU
		{AB08A20A-69A9-4BCE-AE11-6AE6449A78ED}.Debug|Any CPU.Build.0 = Debug|Any CPU
		{AB08A20A-69A9-4BCE-AE11-6AE6449A78ED}.Release|Any CPU.ActiveCfg = Release|Any CPU
		{AB08A20A-69A9-4BCE-AE11-6AE6449A78ED}.Release|Any CPU.Build.0 = Release|Any CPU
	EndGlobalSection
	GlobalSection(SolutionProperties) = preSolution
		HideSolutionNode = FALSE
	EndGlobalSection
EndGlobal
